
Microsoft Visual Studio Solution File, Format Version 12.00
# Visual Studio 15
VisualStudioVersion = 15.0.28010.2046
MinimumVisualStudioVersion = 10.0.40219.1
Project("{8BC9CEB8-8B4A-11D0-8D11-00A0C91BC942}") = "Sandbox", "Sandbox\Sandbox.vcxproj", "{B3AC22D9-7570-4219-A311-FBD1316E7747}"
EndProject
Project("{8BC9CEB8-8B4A-11D0-8D11-00A0C91BC942}") = "Neato", "Neato\Neato.vcxproj", "{CE91CA76-DE7E-4964-8F47-BA5848228EEA}"
EndProject
Global
	GlobalSection(SolutionConfigurationPlatforms) = preSolution
		Debug|x64 = Debug|x64
		Release|x64 = Release|x64
	EndGlobalSection
	GlobalSection(ProjectConfigurationPlatforms) = postSolution
		{CE91CA76-DE7E-4964-8F47-BA5848228EEA}.Debug|x64.ActiveCfg = Debug|x64
		{CE91CA76-DE7E-4964-8F47-BA5848228EEA}.Debug|x64.Build.0 = Debug|x64
		{CE91CA76-DE7E-4964-8F47-BA5848228EEA}.Release|x64.ActiveCfg = Release|x64
		{CE91CA76-DE7E-4964-8F47-BA5848228EEA}.Release|x64.Build.0 = Release|x64
		{B3AC22D9-7570-4219-A311-FBD1316E7747}.Debug|x64.ActiveCfg = Debug|x64
		{B3AC22D9-7570-4219-A311-FBD1316E7747}.Debug|x64.Build.0 = Debug|x64
		{B3AC22D9-7570-4219-A311-FBD1316E7747}.Release|x64.ActiveCfg = Release|x64
		{B3AC22D9-7570-4219-A311-FBD1316E7747}.Release|x64.Build.0 = Release|x64
	EndGlobalSection
	GlobalSection(SolutionProperties) = preSolution
		HideSolutionNode = FALSE
	EndGlobalSection
	GlobalSection(ExtensibilityGlobals) = postSolution
		SolutionGuid = {49FAFE27-A564-46EA-9DA3-8141CC798082}
	EndGlobalSection
EndGlobal
