<?xml version="1.0" encoding="utf-8"?>
<Project ToolsVersion="4.0" xmlns="http://schemas.microsoft.com/developer/msbuild/2003">
  <ItemGroup>
    <Filter Include="Neato">
      <UniqueIdentifier>{BC85BB0D-289A-E3BE-F11B-871E5DEFDFEF}</UniqueIdentifier>
    </Filter>
    <Filter Include="Neato\Events">
      <UniqueIdentifier>{20E6C16C-0C49-5111-B5CE-89C7A1101D94}</UniqueIdentifier>
    </Filter>
  </ItemGroup>
  <ItemGroup>
    <ClInclude Include="src\Neato.h" />
    <ClInclude Include="src\Neato\Application.h">
      <Filter>Neato</Filter>
    </ClInclude>
    <ClInclude Include="src\Neato\Core.h">
      <Filter>Neato</Filter>
    </ClInclude>
    <ClInclude Include="src\Neato\EntryPoint.h">
      <Filter>Neato</Filter>
    </ClInclude>
    <ClInclude Include="src\Neato\Events\ApplicationEvent.h">
      <Filter>Neato\Events</Filter>
    </ClInclude>
    <ClInclude Include="src\Neato\Events\Event.h">
      <Filter>Neato\Events</Filter>
    </ClInclude>
    <ClInclude Include="src\Neato\Events\KeyEvent.h">
      <Filter>Neato\Events</Filter>
    </ClInclude>
    <ClInclude Include="src\Neato\Events\MouseEvent.h">
      <Filter>Neato\Events</Filter>
    </ClInclude>
    <ClInclude Include="src\Neato\Log.h">
      <Filter>Neato</Filter>
    </ClInclude>
    <ClInclude Include="src\Neato\Window.h">
      <Filter>Neato</Filter>
    </ClInclude>
    <ClInclude Include="src\NeatoPCH.h" />
    <ClInclude Include="WindowsWindow.h" />
  </ItemGroup>
  <ItemGroup>
    <ClCompile Include="src\Neato\Application.cpp">
      <Filter>Neato</Filter>
    </ClCompile>
    <ClCompile Include="src\Neato\Log.cpp">
      <Filter>Neato</Filter>
    </ClCompile>
    <ClCompile Include="src\NeatoPCH.cpp" />
    <ClCompile Include="WindowsWindow.cpp" />
  </ItemGroup>
</Project>